
Microsoft Visual Studio Solution File, Format Version 10.00
# Visual Studio 2008
Project("{8BC9CEB8-8B4A-11D0-8D11-00A0C91BC942}") = "prodesc", "prodesc.vcproj", "{1171E5B0-6E7C-4071-A4EC-A72910DA3512}"
EndProject
Global
	GlobalSection(SolutionConfigurationPlatforms) = preSolution
		Debug|Win32 = Debug|Win32
		Release|Win32 = Release|Win32
	EndGlobalSection
	GlobalSection(ProjectConfigurationPlatforms) = postSolution
		{1171E5B0-6E7C-4071-A4EC-A72910DA3512}.Debug|Win32.ActiveCfg = Debug|Win32
		{1171E5B0-6E7C-4071-A4EC-A72910DA3512}.Debug|Win32.Build.0 = Debug|Win32
		{1171E5B0-6E7C-4071-A4EC-A72910DA3512}.Release|Win32.ActiveCfg = Release|Win32
		{1171E5B0-6E7C-4071-A4EC-A72910DA3512}.Release|Win32.Build.0 = Release|Win32
	EndGlobalSection
	GlobalSection(SolutionProperties) = preSolution
		HideSolutionNode = FALSE
	EndGlobalSection
EndGlobal
